{
    "_meta": {
        "hash": {
            "sha256": "bc4008a201e12a9d5b75ef951824f01b5d2413a719ee9ac2f7a4e6f87e0541d5"
        },
        "pipfile-spec": 6,
        "requires": {
            "python_version": "3.7"
        },
        "sources": [
            {
                "name": "pypi",
                "url": "https://pypi.python.org/simple",
                "verify_ssl": true
            }
        ]
    },
    "default": {
        "bitarray": {
            "hashes": [
                "sha256:2ed675f460bb0d3d66fd8042a6f1f0d36cf213e52e72a745283ddb245da7b9cf"
            ],
            "index": "pypi",
            "version": "==1.2.1"
        }
    },
    "develop": {}
}
